{
  "name": "@csnext/cs-server",
  "version": "0.0.1",
  "lockfileVersion": 1,
  "dependencies": {
    "@types/express": {
      "version": "4.0.35",
      "resolved": "https://registry.npmjs.org/@types/express/-/express-4.0.35.tgz",
      "integrity": "sha1-YmfHtgpR+sRzRns8SgLNHkQYBf4=",
      "dev": true
    },
    "@types/node": {
      "version": "7.0.23",
      "resolved": "https://registry.npmjs.org/@types/node/-/node-7.0.23.tgz",
      "integrity": "sha512-F+qaJi0iw9Yk7Ugml+HtTi2r399gPEFfKh2lwr86/a/5LVHODiAllBlNCNrgo5sT9WRHl74ryEbXVeNUN3ToCQ==",
      "dev": true
    },
    "express": {
      "version": "4.15.3",
      "resolved": "https://registry.npmjs.org/express/-/express-4.15.3.tgz",
      "integrity": "sha1-urZdDwOqgMNYQIly/HAPkWlEtmI="
    },
    "typescript": {
      "version": "2.3.4",
      "resolved": "https://registry.npmjs.org/typescript/-/typescript-2.3.4.tgz",
      "integrity": "sha1-PTgyGCgjHkNPKHUUlZw3qCtin0I=",
      "dev": true
    }
  }
}
