{
	"name": "@csnext/cs-client",
	"version": "0.0.95",
	"lockfileVersion": 1,
	"requires": true,
	"dependencies": {
		"vue-grid-layout": {
			"version": "2.3.1",
			"resolved": "https://registry.npmjs.org/vue-grid-layout/-/vue-grid-layout-2.3.1.tgz",
			"integrity": "sha512-jkj0ckrAYTM1qfijlSRqp001KhrXRD7DP79KeFQr8JGe9BCcEf4vNGEbk1t5jC5VL9IfUEy24pmke36CCa67wg==",
			"dev": true,
			"requires": {
				"element-resize-detector": "^1.1.10",
				"interactjs": "^1.3.4"
			},
			"dependencies": {
				"batch-processor": {
					"version": "1.0.0",
					"resolved": "https://registry.npmjs.org/batch-processor/-/batch-processor-1.0.0.tgz",
					"integrity": "sha1-dclcMrdI4IUNEMKxaPa9vpiRrOg=",
					"dev": true
				},
				"element-resize-detector": {
					"version": "1.1.14",
					"resolved": "https://registry.npmjs.org/element-resize-detector/-/element-resize-detector-1.1.14.tgz",
					"integrity": "sha1-rwZKCmGKggrVcKlcXuxbd74BKME=",
					"dev": true,
					"requires": {
						"batch-processor": "^1.0.0"
					}
				},
				"interactjs": {
					"version": "1.3.4",
					"resolved": "https://registry.npmjs.org/interactjs/-/interactjs-1.3.4.tgz",
					"integrity": "sha512-AQ2CdPEyHqiEEQ1FFgMBj79UEsU1+rUwSXuhOkflvB65p4iECft28SN/PvhD/Y9OtNge8aH1qTibjAi+RXQMqQ==",
					"dev": true
				}
			}
		}
	}
}
