{
	"name": "@csnext/cs-map",
	"version": "0.0.109",
	"lockfileVersion": 1,
	"requires": true,
	"dependencies": {
		"@types/node": {
			"version": "11.11.5",
			"resolved": "https://registry.npmjs.org/@types/node/-/node-11.11.5.tgz",
			"integrity": "sha512-pz6wNe/XwyesgfVX7P6B0hY3TnTAYXk6KSTLdpQfbuq3be+hnMoCuFzE+yLTskPdBwmNiGRL2TAsnF09aRugvQ==",
			"dev": true
		}
	}
}
