{
	"name": "@csnext/cs-map",
	"version": "0.0.129",
	"lockfileVersion": 1,
	"requires": true,
	"dependencies": {
		"@mapbox/extent": {
			"version": "0.4.0",
			"resolved": "https://registry.npmjs.org/@mapbox/extent/-/extent-0.4.0.tgz",
			"integrity": "sha1-PlkfMuHww5gchkI597CsBuYQ+Kk="
		},
		"@mapbox/geojson-coords": {
			"version": "0.0.0",
			"resolved": "https://registry.npmjs.org/@mapbox/geojson-coords/-/geojson-coords-0.0.0.tgz",
			"integrity": "sha1-SEeluWBZZm5SeiE551412E/Vj1A=",
			"requires": {
				"@mapbox/geojson-normalize": "0.0.1",
				"geojson-flatten": "~0.2.1"
			}
		},
		"@mapbox/geojson-extent": {
			"version": "0.3.2",
			"resolved": "https://registry.npmjs.org/@mapbox/geojson-extent/-/geojson-extent-0.3.2.tgz",
			"integrity": "sha1-ob2yAVr9DgMcGMPyn36yKeThlQ8=",
			"requires": {
				"@mapbox/extent": "0.4.0",
				"@mapbox/geojson-coords": "0.0.0",
				"rw": "~0.1.4",
				"traverse": "~0.6.6"
			}
		},
		"@mapbox/geojson-normalize": {
			"version": "0.0.1",
			"resolved": "https://registry.npmjs.org/@mapbox/geojson-normalize/-/geojson-normalize-0.0.1.tgz",
			"integrity": "sha1-HaHms6et060pkJsw9Dj2BYG3zYA="
		},
		"@mapbox/polylabel": {
			"version": "1.0.2",
			"resolved": "https://registry.npmjs.org/@mapbox/polylabel/-/polylabel-1.0.2.tgz",
			"integrity": "sha1-xXFGGbZa3QgmOOoGAn5psUUA76Y=",
			"requires": {
				"tinyqueue": "^1.1.0"
			}
		},
		"@turf/centroid": {
			"version": "6.0.2",
			"resolved": "https://registry.npmjs.org/@turf/centroid/-/centroid-6.0.2.tgz",
			"integrity": "sha512-auyDauOtC4eddH7GC3CHFTDu2PKhpSeKCRhwhHhXtJqn2dWCJQNIoCeJRmfXRIbzCWhWvgvQafvvhq8HNvmvWw==",
			"requires": {
				"@turf/helpers": "6.x",
				"@turf/meta": "6.x"
			}
		},
		"@turf/distance": {
			"version": "6.0.1",
			"resolved": "https://registry.npmjs.org/@turf/distance/-/distance-6.0.1.tgz",
			"integrity": "sha512-q7t7rWIWfkg7MP1Vt4uLjSEhe5rPfCO2JjpKmk7JC+QZKEQkuvHEqy3ejW1iC7Kw5ZcZNR3qdMGGz+6HnVwqvg==",
			"requires": {
				"@turf/helpers": "6.x",
				"@turf/invariant": "6.x"
			}
		},
		"@turf/helpers": {
			"version": "6.1.4",
			"resolved": "https://registry.npmjs.org/@turf/helpers/-/helpers-6.1.4.tgz",
			"integrity": "sha512-vJvrdOZy1ngC7r3MDA7zIGSoIgyrkWcGnNIEaqn/APmw+bVLF2gAW7HIsdTxd12s5wQMqEpqIQrmrbRRZ0xC7g=="
		},
		"@turf/invariant": {
			"version": "6.1.2",
			"resolved": "https://registry.npmjs.org/@turf/invariant/-/invariant-6.1.2.tgz",
			"integrity": "sha512-WU08Ph8j0J2jVGlQCKChXoCtI50BB3yEH21V++V0T4cR1T27HKCxkehV2sYMwTierfMBgjwSwDIsxnR4/2mWXg==",
			"requires": {
				"@turf/helpers": "6.x"
			}
		},
		"@turf/length": {
			"version": "6.0.2",
			"resolved": "https://registry.npmjs.org/@turf/length/-/length-6.0.2.tgz",
			"integrity": "sha512-nyfXMowVtX2dICEG7u7EGC2SMaauVUWIMc9eWQrEauNA/9aw+7wbiuip4GPBoyeXEUUekF0EOjJn5aB9Zc8CzA==",
			"requires": {
				"@turf/distance": "6.x",
				"@turf/helpers": "6.x",
				"@turf/meta": "6.x"
			}
		},
		"@turf/meta": {
			"version": "6.0.2",
			"resolved": "https://registry.npmjs.org/@turf/meta/-/meta-6.0.2.tgz",
			"integrity": "sha512-VA7HJkx7qF1l3+GNGkDVn2oXy4+QoLP6LktXAaZKjuT1JI0YESat7quUkbCMy4zP9lAUuvS4YMslLyTtr919FA==",
			"requires": {
				"@turf/helpers": "6.x"
			}
		},
		"@types/geojson": {
			"version": "7946.0.7",
			"resolved": "https://registry.npmjs.org/@types/geojson/-/geojson-7946.0.7.tgz",
			"integrity": "sha512-wE2v81i4C4Ol09RtsWFAqg3BUitWbHSpSlIo+bNdsCJijO9sjme+zm+73ZMCa/qMC8UEERxzGbvmr1cffo2SiQ==",
			"dev": true
		},
		"@types/lodash": {
			"version": "4.14.150",
			"resolved": "https://registry.npmjs.org/@types/lodash/-/lodash-4.14.150.tgz",
			"integrity": "sha512-kMNLM5JBcasgYscD9x/Gvr6lTAv2NVgsKtet/hm93qMyf/D1pt+7jeEZklKJKxMVmXjxbRVQQGfqDSfipYCO6w==",
			"dev": true
		},
		"@types/lodash.throttle": {
			"version": "4.1.6",
			"resolved": "https://registry.npmjs.org/@types/lodash.throttle/-/lodash.throttle-4.1.6.tgz",
			"integrity": "sha512-/UIH96i/sIRYGC60NoY72jGkCJtFN5KVPhEMMMTjol65effe1gPn0tycJqV5tlSwMTzX8FqzB5yAj0rfGHTPNg==",
			"dev": true,
			"requires": {
				"@types/lodash": "*"
			}
		},
		"@types/polylabel": {
			"version": "1.0.5",
			"resolved": "https://registry.npmjs.org/@types/polylabel/-/polylabel-1.0.5.tgz",
			"integrity": "sha512-gnaNmo1OJiYNBFAZMZdqLZ3hKx2ee4ksAzqhKWBxuQ61PmhINHMcvIqsGmyCD1WFKCkwRt9NFhMSmKE6AgYY+w==",
			"dev": true
		},
		"@types/turf": {
			"version": "3.5.32",
			"resolved": "https://registry.npmjs.org/@types/turf/-/turf-3.5.32.tgz",
			"integrity": "sha1-FbOa2U6bXADp4K2X6ZhyU7UwK2k=",
			"dev": true,
			"requires": {
				"@types/geojson": "*"
			}
		},
		"class-transformer": {
			"version": "0.2.3",
			"resolved": "https://registry.npmjs.org/class-transformer/-/class-transformer-0.2.3.tgz",
			"integrity": "sha512-qsP+0xoavpOlJHuYsQJsN58HXSl8Jvveo+T37rEvCEeRfMWoytAyR0Ua/YsFgpM6AZYZ/og2PJwArwzJl1aXtQ=="
		},
		"geojson-flatten": {
			"version": "0.2.4",
			"resolved": "https://registry.npmjs.org/geojson-flatten/-/geojson-flatten-0.2.4.tgz",
			"integrity": "sha512-LiX6Jmot8adiIdZ/fthbcKKPOfWjTQchX/ggHnwMZ2e4b0I243N1ANUos0LvnzepTEsj0+D4fIJ5bKhBrWnAHA==",
			"requires": {
				"get-stdin": "^6.0.0",
				"minimist": "1.2.0"
			}
		},
		"get-stdin": {
			"version": "6.0.0",
			"resolved": "https://registry.npmjs.org/get-stdin/-/get-stdin-6.0.0.tgz",
			"integrity": "sha512-jp4tHawyV7+fkkSKyvjuLZswblUtz+SQKzSWnBbii16BuZksJlU1wuBYXY75r+duh/llF1ur6oNwi+2ZzjKZ7g=="
		},
		"minimist": {
			"version": "1.2.0",
			"resolved": "https://registry.npmjs.org/minimist/-/minimist-1.2.0.tgz",
			"integrity": "sha1-o1AIsg9BOD7sH7kU9M1d95omQoQ="
		},
		"numeral": {
			"version": "2.0.6",
			"resolved": "https://registry.npmjs.org/numeral/-/numeral-2.0.6.tgz",
			"integrity": "sha1-StCAk21EPCVhrtnyGX7//iX05QY="
		},
		"rw": {
			"version": "0.1.4",
			"resolved": "https://registry.npmjs.org/rw/-/rw-0.1.4.tgz",
			"integrity": "sha1-SQPL2AJIrg7eaFv1j9I2p6mymj4="
		},
		"tinyqueue": {
			"version": "1.2.3",
			"resolved": "https://registry.npmjs.org/tinyqueue/-/tinyqueue-1.2.3.tgz",
			"integrity": "sha512-Qz9RgWuO9l8lT+Y9xvbzhPT2efIUIFd69N7eF7tJ9lnQl0iLj1M7peK7IoUGZL9DJHw9XftqLreccfxcQgYLxA=="
		},
		"traverse": {
			"version": "0.6.6",
			"resolved": "https://registry.npmjs.org/traverse/-/traverse-0.6.6.tgz",
			"integrity": "sha1-y99WD9e5r2MlAv7UD5GMFX6pcTc="
		}
	}
}
