{
	"name": "@csnext/cs-layer-server",
	"version": "0.0.109",
	"lockfileVersion": 1,
	"requires": true,
	"dependencies": {
		"@types/node": {
			"version": "10.12.27",
			"resolved": "https://registry.npmjs.org/@types/node/-/node-10.12.27.tgz",
			"integrity": "sha512-e9wgeY6gaY21on3ve0xAjgBVjGDWq/xUteK0ujsE53bUoxycMkqfnkUgMt6ffZtykZ5X12Mg3T7Pw4TRCObDKg==",
			"dev": true
		},
		"typescript": {
			"version": "3.3.3333",
			"resolved": "https://registry.npmjs.org/typescript/-/typescript-3.3.3333.tgz",
			"integrity": "sha512-JjSKsAfuHBE/fB2oZ8NxtRTk5iGcg6hkYXMnZ3Wc+b2RSqejEqTaem11mHASMnFilHrax3sLK0GDzcJrekZYLw==",
			"dev": true
		}
	}
}
