{
	"name": "@csnext/cs-layer-server",
	"version": "0.0.115",
	"lockfileVersion": 1,
	"requires": true,
	"dependencies": {
		"@types/mapbox-gl": {
			"version": "0.51.6",
			"resolved": "https://registry.npmjs.org/@types/mapbox-gl/-/mapbox-gl-0.51.6.tgz",
			"integrity": "sha512-CvOYB4MfqDQm3YH6Xr7odn8qK3zvOPAySXi2/lNmZDc1CdofIa6NdVOwKP2+WP8XD4hEiFr91PBuuNstsfTm0A==",
			"dev": true,
			"requires": {
				"@types/geojson": "*"
			},
			"dependencies": {
				"@types/geojson": {
					"version": "7946.0.7",
					"resolved": "https://registry.npmjs.org/@types/geojson/-/geojson-7946.0.7.tgz",
					"integrity": "sha512-wE2v81i4C4Ol09RtsWFAqg3BUitWbHSpSlIo+bNdsCJijO9sjme+zm+73ZMCa/qMC8UEERxzGbvmr1cffo2SiQ==",
					"dev": true
				}
			}
		}
	}
}
